
Microsoft Visual Studio Solution File, Format Version 12.00
# Visual Studio 15
VisualStudioVersion = 15.0.28307.1433
MinimumVisualStudioVersion = 10.0.40219.1
Project("{FAE04EC0-301F-11D3-BF4B-00C04F79EFBC}") = "CrystalReport", "CrystalReport\CrystalReport.csproj", "{09DADF45-56F9-4DD7-AD03-73C1FBFB8E24}"
EndProject
Global
	GlobalSection(SolutionConfigurationPlatforms) = preSolution
		Debug|Any CPU = Debug|Any CPU
		Release|Any CPU = Release|Any CPU
	EndGlobalSection
	GlobalSection(ProjectConfigurationPlatforms) = postSolution
		{09DADF45-56F9-4DD7-AD03-73C1FBFB8E24}.Debug|Any CPU.ActiveCfg = Debug|Any CPU
		{09DADF45-56F9-4DD7-AD03-73C1FBFB8E24}.Debug|Any CPU.Build.0 = Debug|Any CPU
		{09DADF45-56F9-4DD7-AD03-73C1FBFB8E24}.Release|Any CPU.ActiveCfg = Release|Any CPU
		{09DADF45-56F9-4DD7-AD03-73C1FBFB8E24}.Release|Any CPU.Build.0 = Release|Any CPU
	EndGlobalSection
	GlobalSection(SolutionProperties) = preSolution
		HideSolutionNode = FALSE
	EndGlobalSection
	GlobalSection(ExtensibilityGlobals) = postSolution
		SolutionGuid = {DF957120-36CD-4E25-8907-E3B2A6DEEC30}
	EndGlobalSection
EndGlobal
